
Microsoft Visual Studio Solution File, Format Version 12.00
# Visual Studio Version 17
VisualStudioVersion = 17.14.37216.2 d17.14
MinimumVisualStudioVersion = 10.0.40219.1
Project("{FAE04EC0-301F-11D3-BF4B-00C04F79EFBC}") = "Werewolf", "Werewolf\Werewolf.csproj", "{344A804A-ECDD-49C6-822E-79FED1CDBCFB}"
EndProject
Global
	GlobalSection(SolutionConfigurationPlatforms) = preSolution
		Debug|Any CPU = Debug|Any CPU
		Release|Any CPU = Release|Any CPU
	EndGlobalSection
	GlobalSection(ProjectConfigurationPlatforms) = postSolution
		{344A804A-ECDD-49C6-822E-79FED1CDBCFB}.Debug|Any CPU.ActiveCfg = Debug|Any CPU
		{344A804A-ECDD-49C6-822E-79FED1CDBCFB}.Debug|Any CPU.Build.0 = Debug|Any CPU
		{344A804A-ECDD-49C6-822E-79FED1CDBCFB}.Release|Any CPU.ActiveCfg = Release|Any CPU
		{344A804A-ECDD-49C6-822E-79FED1CDBCFB}.Release|Any CPU.Build.0 = Release|Any CPU
	EndGlobalSection
	GlobalSection(SolutionProperties) = preSolution
		HideSolutionNode = FALSE
	EndGlobalSection
	GlobalSection(ExtensibilityGlobals) = postSolution
		SolutionGuid = {2096EAF6-7FB3-463B-883D-E4160584FC08}
	EndGlobalSection
EndGlobal
